// !$*UTF8*$!
{
	archiveVersion = 1;
	classes = {
	};
	objectVersion = 50;
	objects = {

/* Begin PBXBuildFile section */
		9444AF0A221564A8000D07EC /* AppDelegate.swift in Sources */ = {isa = PBXBuildFile; fileRef = 9444AF09221564A8000D07EC /* AppDelegate.swift */; };
		9444AF0C221564A8000D07EC /* HomeVC.swift in Sources */ = {isa = PBXBuildFile; fileRef = 9444AF0B221564A8000D07EC /* HomeVC.swift */; };
		9444AF0E221564A8000D07EC /* FavouritesVC.swift in Sources */ = {isa = PBXBuildFile; fileRef = 9444AF0D221564A8000D07EC /* FavouritesVC.swift */; };
		9444AF11221564A8000D07EC /* Main.storyboard in Resources */ = {isa = PBXBuildFile; fileRef = 9444AF0F221564A8000D07EC /* Main.storyboard */; };
		9444AF13221564AB000D07EC /* Assets.xcassets in Resources */ = {isa = PBXBuildFile; fileRef = 9444AF12221564AB000D07EC /* Assets.xcassets */; };
		9444AF16221564AB000D07EC /* LaunchScreen.storyboard in Resources */ = {isa = PBXBuildFile; fileRef = 9444AF14221564AB000D07EC /* LaunchScreen.storyboard */; };
		9444AF1E22156A58000D07EC /* WebGalleryVC.swift in Sources */ = {isa = PBXBuildFile; fileRef = 9444AF1D22156A58000D07EC /* WebGalleryVC.swift */; };
		9444AF2122156BB6000D07EC /* WebGalleryCell.swift in Sources */ = {isa = PBXBuildFile; fileRef = 9444AF1F22156BB6000D07EC /* WebGalleryCell.swift */; };
		9444AF2222156BB6000D07EC /* WebGalleryCell.xib in Resources */ = {isa = PBXBuildFile; fileRef = 9444AF2022156BB6000D07EC /* WebGalleryCell.xib */; };
/* End PBXBuildFile section */

/* Begin PBXFileReference section */
		9444AF06221564A8000D07EC /* WebGallery.app */ = {isa = PBXFileReference; explicitFileType = wrapper.application; includeInIndex = 0; path = WebGallery.app; sourceTree = BUILT_PRODUCTS_DIR; };
		9444AF09221564A8000D07EC /* AppDelegate.swift */ = {isa = PBXFileReference; lastKnownFileType = sourcecode.swift; path = AppDelegate.swift; sourceTree = "<group>"; };
		9444AF0B221564A8000D07EC /* HomeVC.swift */ = {isa = PBXFileReference; lastKnownFileType = sourcecode.swift; path = HomeVC.swift; sourceTree = "<group>"; };
		9444AF0D221564A8000D07EC /* FavouritesVC.swift */ = {isa = PBXFileReference; lastKnownFileType = sourcecode.swift; path = FavouritesVC.swift; sourceTree = "<group>"; };
		9444AF10221564A8000D07EC /* Base */ = {isa = PBXFileReference; lastKnownFileType = file.storyboard; name = Base; path = Base.lproj/Main.storyboard; sourceTree = "<group>"; };
		9444AF12221564AB000D07EC /* Assets.xcassets */ = {isa = PBXFileReference; lastKnownFileType = folder.assetcatalog; path = Assets.xcassets; sourceTree = "<group>"; };
		9444AF15221564AB000D07EC /* Base */ = {isa = PBXFileReference; lastKnownFileType = file.storyboard; name = Base; path = Base.lproj/LaunchScreen.storyboard; sourceTree = "<group>"; };
		9444AF17221564AB000D07EC /* Info.plist */ = {isa = PBXFileReference; lastKnownFileType = text.plist.xml; path = Info.plist; sourceTree = "<group>"; };
		9444AF1D22156A58000D07EC /* WebGalleryVC.swift */ = {isa = PBXFileReference; lastKnownFileType = sourcecode.swift; path = WebGalleryVC.swift; sourceTree = "<group>"; };
		9444AF1F22156BB6000D07EC /* WebGalleryCell.swift */ = {isa = PBXFileReference; lastKnownFileType = sourcecode.swift; path = WebGalleryCell.swift; sourceTree = "<group>"; };
		9444AF2022156BB6000D07EC /* WebGalleryCell.xib */ = {isa = PBXFileReference; lastKnownFileType = file.xib; path = WebGalleryCell.xib; sourceTree = "<group>"; };
/* End PBXFileReference section */

/* Begin PBXFrameworksBuildPhase section */
		9444AF03221564A8000D07EC /* Frameworks */ = {
			isa = PBXFrameworksBuildPhase;
			buildActionMask = 2147483647;
			files = (
			);
			runOnlyForDeploymentPostprocessing = 0;
		};
/* End PBXFrameworksBuildPhase section */

/* Begin PBXGroup section */
		9444AEFD221564A8000D07EC = {
			isa = PBXGroup;
			children = (
				9444AF08221564A8000D07EC /* WebGallery */,
				9444AF07221564A8000D07EC /* Products */,
			);
			sourceTree = "<group>";
		};
		9444AF07221564A8000D07EC /* Products */ = {
			isa = PBXGroup;
			children = (
				9444AF06221564A8000D07EC /* WebGallery.app */,
			);
			name = Products;
			sourceTree = "<group>";
		};
		9444AF08221564A8000D07EC /* WebGallery */ = {
			isa = PBXGroup;
			children = (
				9444AF14221564AB000D07EC /* LaunchScreen.storyboard */,
				9444AF0F221564A8000D07EC /* Main.storyboard */,
				9444AF09221564A8000D07EC /* AppDelegate.swift */,
				9444AF0B221564A8000D07EC /* HomeVC.swift */,
				9444AF0D221564A8000D07EC /* FavouritesVC.swift */,
				9444AF1D22156A58000D07EC /* WebGalleryVC.swift */,
				9444AF12221564AB000D07EC /* Assets.xcassets */,
				9444AF17221564AB000D07EC /* Info.plist */,
				9444AF1F22156BB6000D07EC /* WebGalleryCell.swift */,
				9444AF2022156BB6000D07EC /* WebGalleryCell.xib */,
			);
			path = WebGallery;
			sourceTree = "<group>";
		};
/* End PBXGroup section */

/* Begin PBXNativeTarget section */
		9444AF05221564A8000D07EC /* WebGallery */ = {
			isa = PBXNativeTarget;
			buildConfigurationList = 9444AF1A221564AB000D07EC /* Build configuration list for PBXNativeTarget "WebGallery" */;
			buildPhases = (
				9444AF02221564A8000D07EC /* Sources */,
				9444AF03221564A8000D07EC /* Frameworks */,
				9444AF04221564A8000D07EC /* Resources */,
			);
			buildRules = (
			);
			dependencies = (
			);
			name = WebGallery;
			productName = WebGallery;
			productReference = 9444AF06221564A8000D07EC /* WebGallery.app */;
			productType = "com.apple.product-type.application";
		};
/* End PBXNativeTarget section */

/* Begin PBXProject section */
		9444AEFE221564A8000D07EC /* Project object */ = {
			isa = PBXProject;
			attributes = {
				LastSwiftUpdateCheck = 1010;
				LastUpgradeCheck = 1010;
				ORGANIZATIONNAME = "Екатерина Рыжова";
				TargetAttributes = {
					9444AF05221564A8000D07EC = {
						CreatedOnToolsVersion = 10.1;
					};
				};
			};
			buildConfigurationList = 9444AF01221564A8000D07EC /* Build configuration list for PBXProject "WebGallery" */;
			compatibilityVersion = "Xcode 9.3";
			developmentRegion = en;
			hasScannedForEncodings = 0;
			knownRegions = (
				en,
				Base,
			);
			mainGroup = 9444AEFD221564A8000D07EC;
			productRefGroup = 9444AF07221564A8000D07EC /* Products */;
			projectDirPath = "";
			projectRoot = "";
			targets = (
				9444AF05221564A8000D07EC /* WebGallery */,
			);
		};
/* End PBXProject section */

/* Begin PBXResourcesBuildPhase section */
		9444AF04221564A8000D07EC /* Resources */ = {
			isa = PBXResourcesBuildPhase;
			buildActionMask = 2147483647;
			files = (
				9444AF16221564AB000D07EC /* LaunchScreen.storyboard in Resources */,
				9444AF2222156BB6000D07EC /* WebGalleryCell.xib in Resources */,
				9444AF13221564AB000D07EC /* Assets.xcassets in Resources */,
				9444AF11221564A8000D07EC /* Main.storyboard in Resources */,
			);
			runOnlyForDeploymentPostprocessing = 0;
		};
/* End PBXResourcesBuildPhase section */

/* Begin PBXSourcesBuildPhase section */
		9444AF02221564A8000D07EC /* Sources */ = {
			isa = PBXSourcesBuildPhase;
			buildActionMask = 2147483647;
			files = (
				9444AF1E22156A58000D07EC /* WebGalleryVC.swift in Sources */,
				9444AF0E221564A8000D07EC /* FavouritesVC.swift in Sources */,
				9444AF2122156BB6000D07EC /* WebGalleryCell.swift in Sources */,
				9444AF0A221564A8000D07EC /* AppDelegate.swift in Sources */,
				9444AF0C221564A8000D07EC /* HomeVC.swift in Sources */,
			);
			runOnlyForDeploymentPostprocessing = 0;
		};
/* End PBXSourcesBuildPhase section */

/* Begin PBXVariantGroup section */
		9444AF0F221564A8000D07EC /* Main.storyboard */ = {
			isa = PBXVariantGroup;
			children = (
				9444AF10221564A8000D07EC /* Base */,
			);
			name = Main.storyboard;
			sourceTree = "<group>";
		};
		9444AF14221564AB000D07EC /* LaunchScreen.storyboard */ = {
			isa = PBXVariantGroup;
			children = (
				9444AF15221564AB000D07EC /* Base */,
			);
			name = LaunchScreen.storyboard;
			sourceTree = "<group>";
		};
/* End PBXVariantGroup section */

/* Begin XCBuildConfiguration section */
		9444AF18221564AB000D07EC /* Debug */ = {
			isa = XCBuildConfiguration;
			buildSettings = {
				ALWAYS_SEARCH_USER_PATHS = NO;
				CLANG_ANALYZER_NONNULL = YES;
				CLANG_ANALYZER_NUMBER_OBJECT_CONVERSION = YES_AGGRESSIVE;
				CLANG_CXX_LANGUAGE_STANDARD = "gnu++14";
				CLANG_CXX_LIBRARY = "libc++";
				CLANG_ENABLE_MODULES = YES;
				CLANG_ENABLE_OBJC_ARC = YES;
				CLANG_ENABLE_OBJC_WEAK = YES;
				CLANG_WARN_BLOCK_CAPTURE_AUTORELEASING = YES;
				CLANG_WARN_BOOL_CONVERSION = YES;
				CLANG_WARN_COMMA = YES;
				CLANG_WARN_CONSTANT_CONVERSION = YES;
				CLANG_WARN_DEPRECATED_OBJC_IMPLEMENTATIONS = YES;
				CLANG_WARN_DIRECT_OBJC_ISA_USAGE = YES_ERROR;
				CLANG_WARN_DOCUMENTATION_COMMENTS = YES;
				CLANG_WARN_EMPTY_BODY = YES;
				CLANG_WARN_ENUM_CONVERSION = YES;
				CLANG_WARN_INFINITE_RECURSION = YES;
				CLANG_WARN_INT_CONVERSION = YES;
				CLANG_WARN_NON_LITERAL_NULL_CONVERSION = YES;
				CLANG_WARN_OBJC_IMPLICIT_RETAIN_SELF = YES;
				CLANG_WARN_OBJC_LITERAL_CONVERSION = YES;
				CLANG_WARN_OBJC_ROOT_CLASS = YES_ERROR;
				CLANG_WARN_RANGE_LOOP_ANALYSIS = YES;
				CLANG_WARN_STRICT_PROTOTYPES = YES;
				CLANG_WARN_SUSPICIOUS_MOVE = YES;
				CLANG_WARN_UNGUARDED_AVAILABILITY = YES_AGGRESSIVE;
				CLANG_WARN_UNREACHABLE_CODE = YES;
				CLANG_WARN__DUPLICATE_METHOD_MATCH = YES;
				CODE_SIGN_IDENTITY = "iPhone Developer";
				COPY_PHASE_STRIP = NO;
				DEBUG_INFORMATION_FORMAT = dwarf;
				ENABLE_STRICT_OBJC_MSGSEND = YES;
				ENABLE_TESTABILITY = YES;
				GCC_C_LANGUAGE_STANDARD = gnu11;
				GCC_DYNAMIC_NO_PIC = NO;
				GCC_NO_COMMON_BLOCKS = YES;
				GCC_OPTIMIZATION_LEVEL = 0;
				GCC_PREPROCESSOR_DEFINITIONS = (
					"DEBUG=1",
					"$(inherited)",
				);
				GCC_WARN_64_TO_32_BIT_CONVERSION = YES;
				GCC_WARN_ABOUT_RETURN_TYPE = YES_ERROR;
				GCC_WARN_UNDECLARED_SELECTOR = YES;
				GCC_WARN_UNINITIALIZED_AUTOS = YES_AGGRESSIVE;
				GCC_WARN_UNUSED_FUNCTION = YES;
				GCC_WARN_UNUSED_VARIABLE = YES;
				IPHONEOS_DEPLOYMENT_TARGET = 12.1;
				MTL_ENABLE_DEBUG_INFO = INCLUDE_SOURCE;
				MTL_FAST_MATH = YES;
				ONLY_ACTIVE_ARCH = YES;
				SDKROOT = iphoneos;
				SWIFT_ACTIVE_COMPILATION_CONDITIONS = DEBUG;
				SWIFT_OPTIMIZATION_LEVEL = "-Onone";
			};
			name = Debug;
		};
		9444AF19221564AB000D07EC /* Release */ = {
			isa = XCBuildConfiguration;
			buildSettings = {
				ALWAYS_SEARCH_USER_PATHS = NO;
				CLANG_ANALYZER_NONNULL = YES;
				CLANG_ANALYZER_NUMBER_OBJECT_CONVERSION = YES_AGGRESSIVE;
				CLANG_CXX_LANGUAGE_STANDARD = "gnu++14";
				CLANG_CXX_LIBRARY = "libc++";
				CLANG_ENABLE_MODULES = YES;
				CLANG_ENABLE_OBJC_ARC = YES;
				CLANG_ENABLE_OBJC_WEAK = YES;
				CLANG_WARN_BLOCK_CAPTURE_AUTORELEASING = YES;
				CLANG_WARN_BOOL_CONVERSION = YES;
				CLANG_WARN_COMMA = YES;
				CLANG_WARN_CONSTANT_CONVERSION = YES;
				CLANG_WARN_DEPRECATED_OBJC_IMPLEMENTATIONS = YES;
				CLANG_WARN_DIRECT_OBJC_ISA_USAGE = YES_ERROR;
				CLANG_WARN_DOCUMENTATION_COMMENTS = YES;
				CLANG_WARN_EMPTY_BODY = YES;
				CLANG_WARN_ENUM_CONVERSION = YES;
				CLANG_WARN_INFINITE_RECURSION = YES;
				CLANG_WARN_INT_CONVERSION = YES;
				CLANG_WARN_NON_LITERAL_NULL_CONVERSION = YES;
				CLANG_WARN_OBJC_IMPLICIT_RETAIN_SELF = YES;
				CLANG_WARN_OBJC_LITERAL_CONVERSION = YES;
				CLANG_WARN_OBJC_ROOT_CLASS = YES_ERROR;
				CLANG_WARN_RANGE_LOOP_ANALYSIS = YES;
				CLANG_WARN_STRICT_PROTOTYPES = YES;
				CLANG_WARN_SUSPICIOUS_MOVE = YES;
				CLANG_WARN_UNGUARDED_AVAILABILITY = YES_AGGRESSIVE;
				CLANG_WARN_UNREACHABLE_CODE = YES;
				CLANG_WARN__DUPLICATE_METHOD_MATCH = YES;
				CODE_SIGN_IDENTITY = "iPhone Developer";
				COPY_PHASE_STRIP = NO;
				DEBUG_INFORMATION_FORMAT = "dwarf-with-dsym";
				ENABLE_NS_ASSERTIONS = NO;
				ENABLE_STRICT_OBJC_MSGSEND = YES;
				GCC_C_LANGUAGE_STANDARD = gnu11;
				GCC_NO_COMMON_BLOCKS = YES;
				GCC_WARN_64_TO_32_BIT_CONVERSION = YES;
				GCC_WARN_ABOUT_RETURN_TYPE = YES_ERROR;
				GCC_WARN_UNDECLARED_SELECTOR = YES;
				GCC_WARN_UNINITIALIZED_AUTOS = YES_AGGRESSIVE;
				GCC_WARN_UNUSED_FUNCTION = YES;
				GCC_WARN_UNUSED_VARIABLE = YES;
				IPHONEOS_DEPLOYMENT_TARGET = 12.1;
				MTL_ENABLE_DEBUG_INFO = NO;
				MTL_FAST_MATH = YES;
				SDKROOT = iphoneos;
				SWIFT_COMPILATION_MODE = wholemodule;
				SWIFT_OPTIMIZATION_LEVEL = "-O";
				VALIDATE_PRODUCT = YES;
			};
			name = Release;
		};
		9444AF1B221564AB000D07EC /* Debug */ = {
			isa = XCBuildConfiguration;
			buildSettings = {
				ASSETCATALOG_COMPILER_APPICON_NAME = AppIcon;
				CODE_SIGN_STYLE = Automatic;
				DEVELOPMENT_TEAM = 2794N3T97K;
				INFOPLIST_FILE = WebGallery/Info.plist;
				LD_RUNPATH_SEARCH_PATHS = (
					"$(inherited)",
					"@executable_path/Frameworks",
				);
				PRODUCT_BUNDLE_IDENTIFIER = ru.0w1.WebGallery;
				PRODUCT_NAME = "$(TARGET_NAME)";
				SWIFT_VERSION = 4.2;
				TARGETED_DEVICE_FAMILY = "1,2";
			};
			name = Debug;
		};
		9444AF1C221564AB000D07EC /* Release */ = {
			isa = XCBuildConfiguration;
			buildSettings = {
				ASSETCATALOG_COMPILER_APPICON_NAME = AppIcon;
				CODE_SIGN_STYLE = Automatic;
				DEVELOPMENT_TEAM = 2794N3T97K;
				INFOPLIST_FILE = WebGallery/Info.plist;
				LD_RUNPATH_SEARCH_PATHS = (
					"$(inherited)",
					"@executable_path/Frameworks",
				);
				PRODUCT_BUNDLE_IDENTIFIER = ru.0w1.WebGallery;
				PRODUCT_NAME = "$(TARGET_NAME)";
				SWIFT_VERSION = 4.2;
				TARGETED_DEVICE_FAMILY = "1,2";
			};
			name = Release;
		};
/* End XCBuildConfiguration section */

/* Begin XCConfigurationList section */
		9444AF01221564A8000D07EC /* Build configuration list for PBXProject "WebGallery" */ = {
			isa = XCConfigurationList;
			buildConfigurations = (
				9444AF18221564AB000D07EC /* Debug */,
				9444AF19221564AB000D07EC /* Release */,
			);
			defaultConfigurationIsVisible = 0;
			defaultConfigurationName = Release;
		};
		9444AF1A221564AB000D07EC /* Build configuration list for PBXNativeTarget "WebGallery" */ = {
			isa = XCConfigurationList;
			buildConfigurations = (
				9444AF1B221564AB000D07EC /* Debug */,
				9444AF1C221564AB000D07EC /* Release */,
			);
			defaultConfigurationIsVisible = 0;
			defaultConfigurationName = Release;
		};
/* End XCConfigurationList section */
	};
	rootObject = 9444AEFE221564A8000D07EC /* Project object */;
}
